
Microsoft Visual Studio Solution File, Format Version 12.00
# Visual Studio Version 16
VisualStudioVersion = 16.0.31129.286
MinimumVisualStudioVersion = 10.0.40219.1
Project("{9A19103F-16F7-4668-BE54-9A1E7A4F7556}") = "JobManager", "JobManager.csproj", "{6FC2423D-7A89-4D94-BD73-B1777B6965EE}"
EndProject
Project("{2150E333-8FDC-42A3-9474-1A3956D46DE8}") = "Solution Items", "Solution Items", "{2C633532-CFD9-428F-A04B-C73F69E27514}"
	ProjectSection(SolutionItems) = preProject
		Class1.cs = Class1.cs
		Class2.cs = Class2.cs
		Class3.cs = Class3.cs
		Class4.cs = Class4.cs
	EndProjectSection
EndProject
Global
	GlobalSection(SolutionConfigurationPlatforms) = preSolution
		Debug|Any CPU = Debug|Any CPU
		Release|Any CPU = Release|Any CPU
	EndGlobalSection
	GlobalSection(ProjectConfigurationPlatforms) = postSolution
		{6FC2423D-7A89-4D94-BD73-B1777B6965EE}.Debug|Any CPU.ActiveCfg = Debug|Any CPU
		{6FC2423D-7A89-4D94-BD73-B1777B6965EE}.Debug|Any CPU.Build.0 = Debug|Any CPU
		{6FC2423D-7A89-4D94-BD73-B1777B6965EE}.Release|Any CPU.ActiveCfg = Release|Any CPU
		{6FC2423D-7A89-4D94-BD73-B1777B6965EE}.Release|Any CPU.Build.0 = Release|Any CPU
	EndGlobalSection
	GlobalSection(SolutionProperties) = preSolution
		HideSolutionNode = FALSE
	EndGlobalSection
	GlobalSection(ExtensibilityGlobals) = postSolution
		SolutionGuid = {7D5C4955-1405-4F92-83B3-C3D2A10AA8E9}
	EndGlobalSection
EndGlobal
